
Microsoft Visual Studio Solution File, Format Version 12.00
# Visual Studio 15
VisualStudioVersion = 15.0.26403.7
MinimumVisualStudioVersion = 10.0.40219.1
Project("{FAE04EC0-301F-11D3-BF4B-00C04F79EFBC}") = "FedWireParser", "FedWireParser\FedWireParser.csproj", "{AF030A54-EF93-4F70-88EC-417FDE427B96}"
EndProject
Project("{FAE04EC0-301F-11D3-BF4B-00C04F79EFBC}") = "TagDefinedFileParser", "TagDefinedFileParser\TagDefinedFileParser.csproj", "{B16356F6-02A6-4C5D-A55A-7E14DF2FDBA8}"
EndProject
Global
	GlobalSection(SolutionConfigurationPlatforms) = preSolution
		Debug|Any CPU = Debug|Any CPU
		Release|Any CPU = Release|Any CPU
	EndGlobalSection
	GlobalSection(ProjectConfigurationPlatforms) = postSolution
		{AF030A54-EF93-4F70-88EC-417FDE427B96}.Debug|Any CPU.ActiveCfg = Debug|Any CPU
		{AF030A54-EF93-4F70-88EC-417FDE427B96}.Debug|Any CPU.Build.0 = Debug|Any CPU
		{AF030A54-EF93-4F70-88EC-417FDE427B96}.Release|Any CPU.ActiveCfg = Release|Any CPU
		{AF030A54-EF93-4F70-88EC-417FDE427B96}.Release|Any CPU.Build.0 = Release|Any CPU
		{B16356F6-02A6-4C5D-A55A-7E14DF2FDBA8}.Debug|Any CPU.ActiveCfg = Debug|Any CPU
		{B16356F6-02A6-4C5D-A55A-7E14DF2FDBA8}.Debug|Any CPU.Build.0 = Debug|Any CPU
		{B16356F6-02A6-4C5D-A55A-7E14DF2FDBA8}.Release|Any CPU.ActiveCfg = Release|Any CPU
		{B16356F6-02A6-4C5D-A55A-7E14DF2FDBA8}.Release|Any CPU.Build.0 = Release|Any CPU
	EndGlobalSection
	GlobalSection(SolutionProperties) = preSolution
		HideSolutionNode = FALSE
	EndGlobalSection
EndGlobal
